
Microsoft Visual Studio Solution File, Format Version 12.00
# Visual Studio 15
VisualStudioVersion = 15.0.28307.572
MinimumVisualStudioVersion = 10.0.40219.1
Project("{FAE04EC0-301F-11D3-BF4B-00C04F79EFBC}") = "Home Match", "Home Match\Home Match.csproj", "{E34DA666-DA39-420D-9AA5-42B3EA3DE055}"
EndProject
Global
	GlobalSection(SolutionConfigurationPlatforms) = preSolution
		Debug|Any CPU = Debug|Any CPU
		Release|Any CPU = Release|Any CPU
	EndGlobalSection
	GlobalSection(ProjectConfigurationPlatforms) = postSolution
		{E34DA666-DA39-420D-9AA5-42B3EA3DE055}.Debug|Any CPU.ActiveCfg = Debug|Any CPU
		{E34DA666-DA39-420D-9AA5-42B3EA3DE055}.Debug|Any CPU.Build.0 = Debug|Any CPU
		{E34DA666-DA39-420D-9AA5-42B3EA3DE055}.Release|Any CPU.ActiveCfg = Release|Any CPU
		{E34DA666-DA39-420D-9AA5-42B3EA3DE055}.Release|Any CPU.Build.0 = Release|Any CPU
	EndGlobalSection
	GlobalSection(SolutionProperties) = preSolution
		HideSolutionNode = FALSE
	EndGlobalSection
	GlobalSection(ExtensibilityGlobals) = postSolution
		SolutionGuid = {AFA9962F-4300-46C3-B703-D24853D2F1E1}
	EndGlobalSection
EndGlobal
